
Microsoft Visual Studio Solution File, Format Version 12.00
# Visual Studio 15
VisualStudioVersion = 15.0.26403.7
MinimumVisualStudioVersion = 10.0.40219.1
Project("{FAE04EC0-301F-11D3-BF4B-00C04F79EFBC}") = "B17_Ex01_1", "Project1\B17_Ex01_1.csproj", "{7684E36B-AA06-4C9A-B95C-C6893E7094D7}"
EndProject
Global
	GlobalSection(SolutionConfigurationPlatforms) = preSolution
		Debug|Any CPU = Debug|Any CPU
		Release|Any CPU = Release|Any CPU
	EndGlobalSection
	GlobalSection(ProjectConfigurationPlatforms) = postSolution
		{7684E36B-AA06-4C9A-B95C-C6893E7094D7}.Debug|Any CPU.ActiveCfg = Debug|Any CPU
		{7684E36B-AA06-4C9A-B95C-C6893E7094D7}.Debug|Any CPU.Build.0 = Debug|Any CPU
		{7684E36B-AA06-4C9A-B95C-C6893E7094D7}.Release|Any CPU.ActiveCfg = Release|Any CPU
		{7684E36B-AA06-4C9A-B95C-C6893E7094D7}.Release|Any CPU.Build.0 = Release|Any CPU
	EndGlobalSection
	GlobalSection(SolutionProperties) = preSolution
		HideSolutionNode = FALSE
	EndGlobalSection
EndGlobal
