
Microsoft Visual Studio Solution File, Format Version 12.00
# Visual Studio 15
VisualStudioVersion = 15.0.26403.7
MinimumVisualStudioVersion = 10.0.40219.1
Project("{FAE04EC0-301F-11D3-BF4B-00C04F79EFBC}") = "Ex04.Menus.Interfaces", "Ex04.Menus.Interfaces\Ex04.Menus.Interfaces.csproj", "{ABF58459-F45A-4BD1-B4AB-779BA4FDCBE9}"
EndProject
Project("{FAE04EC0-301F-11D3-BF4B-00C04F79EFBC}") = "Ex04.Menus.Delegates", "Ex04.Menus.Delegates\Ex04.Menus.Delegates.csproj", "{DE2E60B1-E34E-4861-85D0-85CFAB45722E}"
EndProject
Project("{FAE04EC0-301F-11D3-BF4B-00C04F79EFBC}") = "Ex04.Menus.Test", "Ex04.Menus.Test\Ex04.Menus.Test.csproj", "{AB02C9BE-B1EE-4BE1-BE5B-27A35E2AB6B1}"
EndProject
Global
	GlobalSection(SolutionConfigurationPlatforms) = preSolution
		Debug|Any CPU = Debug|Any CPU
		Release|Any CPU = Release|Any CPU
	EndGlobalSection
	GlobalSection(ProjectConfigurationPlatforms) = postSolution
		{ABF58459-F45A-4BD1-B4AB-779BA4FDCBE9}.Debug|Any CPU.ActiveCfg = Debug|Any CPU
		{ABF58459-F45A-4BD1-B4AB-779BA4FDCBE9}.Debug|Any CPU.Build.0 = Debug|Any CPU
		{ABF58459-F45A-4BD1-B4AB-779BA4FDCBE9}.Release|Any CPU.ActiveCfg = Release|Any CPU
		{ABF58459-F45A-4BD1-B4AB-779BA4FDCBE9}.Release|Any CPU.Build.0 = Release|Any CPU
		{DE2E60B1-E34E-4861-85D0-85CFAB45722E}.Debug|Any CPU.ActiveCfg = Debug|Any CPU
		{DE2E60B1-E34E-4861-85D0-85CFAB45722E}.Debug|Any CPU.Build.0 = Debug|Any CPU
		{DE2E60B1-E34E-4861-85D0-85CFAB45722E}.Release|Any CPU.ActiveCfg = Release|Any CPU
		{DE2E60B1-E34E-4861-85D0-85CFAB45722E}.Release|Any CPU.Build.0 = Release|Any CPU
		{AB02C9BE-B1EE-4BE1-BE5B-27A35E2AB6B1}.Debug|Any CPU.ActiveCfg = Debug|Any CPU
		{AB02C9BE-B1EE-4BE1-BE5B-27A35E2AB6B1}.Debug|Any CPU.Build.0 = Debug|Any CPU
		{AB02C9BE-B1EE-4BE1-BE5B-27A35E2AB6B1}.Release|Any CPU.ActiveCfg = Release|Any CPU
		{AB02C9BE-B1EE-4BE1-BE5B-27A35E2AB6B1}.Release|Any CPU.Build.0 = Release|Any CPU
	EndGlobalSection
	GlobalSection(SolutionProperties) = preSolution
		HideSolutionNode = FALSE
	EndGlobalSection
EndGlobal
